
Microsoft Visual Studio Solution File, Format Version 12.00
# Visual Studio Version 17
VisualStudioVersion = 17.10.34928.147
MinimumVisualStudioVersion = 10.0.40219.1
Project("{FAE04EC0-301F-11D3-BF4B-00C04F79EFBC}") = "ExpenseTracker", "ExpenseTracker\ExpenseTracker\ExpenseTracker.csproj", "{274EEF9F-9EAD-40A3-A882-03489F348216}"
EndProject
Project("{FAE04EC0-301F-11D3-BF4B-00C04F79EFBC}") = "ExpenseTracker.Client", "ExpenseTracker\ExpenseTracker.Client\ExpenseTracker.Client.csproj", "{79977938-5E5E-4765-BAB7-0D988518ED73}"
EndProject
Global
	GlobalSection(SolutionConfigurationPlatforms) = preSolution
		Debug|Any CPU = Debug|Any CPU
		Release|Any CPU = Release|Any CPU
	EndGlobalSection
	GlobalSection(ProjectConfigurationPlatforms) = postSolution
		{274EEF9F-9EAD-40A3-A882-03489F348216}.Debug|Any CPU.ActiveCfg = Debug|Any CPU
		{274EEF9F-9EAD-40A3-A882-03489F348216}.Debug|Any CPU.Build.0 = Debug|Any CPU
		{274EEF9F-9EAD-40A3-A882-03489F348216}.Release|Any CPU.ActiveCfg = Release|Any CPU
		{274EEF9F-9EAD-40A3-A882-03489F348216}.Release|Any CPU.Build.0 = Release|Any CPU
		{79977938-5E5E-4765-BAB7-0D988518ED73}.Debug|Any CPU.ActiveCfg = Debug|Any CPU
		{79977938-5E5E-4765-BAB7-0D988518ED73}.Debug|Any CPU.Build.0 = Debug|Any CPU
		{79977938-5E5E-4765-BAB7-0D988518ED73}.Release|Any CPU.ActiveCfg = Release|Any CPU
		{79977938-5E5E-4765-BAB7-0D988518ED73}.Release|Any CPU.Build.0 = Release|Any CPU
	EndGlobalSection
	GlobalSection(SolutionProperties) = preSolution
		HideSolutionNode = FALSE
	EndGlobalSection
	GlobalSection(ExtensibilityGlobals) = postSolution
		SolutionGuid = {2E43E5E1-5A41-41A0-81DF-4B8335403A5F}
	EndGlobalSection
EndGlobal
